
Microsoft Visual Studio Solution File, Format Version 12.00
# Visual Studio Version 17
VisualStudioVersion = 17.2.32602.215
MinimumVisualStudioVersion = 10.0.40219.1
Project("{2150E333-8FDC-42A3-9474-1A3956D46DE8}") = "Services", "Services", "{1D262B46-DCF7-4093-A79F-7110DD723880}"
	ProjectSection(SolutionItems) = preProject
		..\hexagonal-architecture-dot-net-template\.gitignore = ..\hexagonal-architecture-dot-net-template\.gitignore
	EndProjectSection
EndProject
Project("{2150E333-8FDC-42A3-9474-1A3956D46DE8}") = "WebApps", "WebApps", "{5F8A5ADB-E35C-4C4F-B2A5-03F1D87DF1F1}"
EndProject
Project("{2150E333-8FDC-42A3-9474-1A3956D46DE8}") = "Cadastros", "Cadastros", "{7790E6C3-D7F9-4DD8-B9ED-928804D2F1A6}"
EndProject
Project("{2150E333-8FDC-42A3-9474-1A3956D46DE8}") = "Catalago", "Catalago", "{AB10F6D8-93EF-4140-AFA3-6F8038A43E6F}"
EndProject
Project("{2150E333-8FDC-42A3-9474-1A3956D46DE8}") = "Core", "Core", "{91D544D6-432D-4790-8E39-820B9E67DBB7}"
EndProject
Project("{2150E333-8FDC-42A3-9474-1A3956D46DE8}") = "Fiscal", "Fiscal", "{B5C529EE-1471-4236-A310-B351BE359D2C}"
EndProject
Project("{2150E333-8FDC-42A3-9474-1A3956D46DE8}") = "Pagamento", "Pagamento", "{210A34C6-95FD-4864-980C-92DED3621AD1}"
EndProject
Project("{2150E333-8FDC-42A3-9474-1A3956D46DE8}") = "Vendas", "Vendas", "{CFABDD39-3B08-4203-AC4D-68BCD1BC815A}"
EndProject
Project("{9A19103F-16F7-4668-BE54-9A1E7A4F7556}") = "NerdStore.Catalago.Domain", "src\NerdStore.Catalago.Domain\NerdStore.Catalago.Domain.csproj", "{04028E0E-5D1D-41D1-B26D-85D291D4773D}"
EndProject
Project("{9A19103F-16F7-4668-BE54-9A1E7A4F7556}") = "NerdStore.Core", "src\NerdStore.Core\NerdStore.Core.csproj", "{625F1760-4677-4D3A-9949-212A59D6465C}"
EndProject
Project("{2150E333-8FDC-42A3-9474-1A3956D46DE8}") = "Tests", "Tests", "{7690DD1D-D1C5-4D90-B37C-E47B0C57A3B2}"
EndProject
Project("{9A19103F-16F7-4668-BE54-9A1E7A4F7556}") = "NerdStore.Catalogo.Domain.Tests", "src\tests\NerdStore.Catalogo.Domain.Tests\NerdStore.Catalogo.Domain.Tests.csproj", "{92E544CD-93C4-4D6B-B921-6C14DF5B25EA}"
EndProject
Project("{9A19103F-16F7-4668-BE54-9A1E7A4F7556}") = "NerdStore.Catalago.Data", "src\NerdStore.Catalago.Data\NerdStore.Catalago.Data.csproj", "{D8CE7FDC-B034-442A-B774-790FC71780F3}"
EndProject
Project("{9A19103F-16F7-4668-BE54-9A1E7A4F7556}") = "NerdStore.Catalogo.Application", "src\NerdStore.Catalogo.Application\NerdStore.Catalogo.Application.csproj", "{9C1608B4-ACB1-4C93-9AAD-431A5A06A84F}"
EndProject
Project("{9A19103F-16F7-4668-BE54-9A1E7A4F7556}") = "NerdStore.WebApp.MVC", "src\NerdStore.WebApp.MVC\NerdStore.WebApp.MVC.csproj", "{3B4FFB5F-3981-4B06-B7A5-5F94226091DE}"
EndProject
Project("{9A19103F-16F7-4668-BE54-9A1E7A4F7556}") = "NerdStore.Vendas.Domain", "src\NerdStore.Vendas.Domain\NerdStore.Vendas.Domain.csproj", "{026F55CA-A7A5-4110-996C-FCB5C81AB7F7}"
EndProject
Project("{9A19103F-16F7-4668-BE54-9A1E7A4F7556}") = "NerdStore.Vendas.Application", "src\NerdStore.Vendas.Application\NerdStore.Vendas.Application.csproj", "{B111C4FB-02A6-4C69-AA74-9405E0AAF746}"
EndProject
Project("{9A19103F-16F7-4668-BE54-9A1E7A4F7556}") = "NerdStore.Vendas.Data", "src\NerdStore.Vendas.Data\NerdStore.Vendas.Data.csproj", "{857AAE8C-4C4A-445E-A9ED-A12E2B896A5D}"
EndProject
Project("{9A19103F-16F7-4668-BE54-9A1E7A4F7556}") = "NerdStore.Pagamentos.AntiCorruption", "src\NerdStore.Pagamentos.AntiCorruption\NerdStore.Pagamentos.AntiCorruption.csproj", "{0665DAE7-18A5-4B20-830C-41F84184AC73}"
EndProject
Project("{9A19103F-16F7-4668-BE54-9A1E7A4F7556}") = "NerdStore.Pagamentos.Business", "src\NerdStore.Pagamentos.Business\NerdStore.Pagamentos.Business.csproj", "{FB6AEAEA-572D-49D5-93AF-F8377D5ACAEF}"
EndProject
Project("{9A19103F-16F7-4668-BE54-9A1E7A4F7556}") = "NerdStore.Pagamentos.Data", "src\NerdStore.Pagamentos.Data\NerdStore.Pagamentos.Data.csproj", "{345A1AEA-3466-4C3A-B4BE-4B726CC8D98D}"
EndProject
Global
	GlobalSection(SolutionConfigurationPlatforms) = preSolution
		Debug|Any CPU = Debug|Any CPU
		Release|Any CPU = Release|Any CPU
	EndGlobalSection
	GlobalSection(ProjectConfigurationPlatforms) = postSolution
		{04028E0E-5D1D-41D1-B26D-85D291D4773D}.Debug|Any CPU.ActiveCfg = Debug|Any CPU
		{04028E0E-5D1D-41D1-B26D-85D291D4773D}.Debug|Any CPU.Build.0 = Debug|Any CPU
		{04028E0E-5D1D-41D1-B26D-85D291D4773D}.Release|Any CPU.ActiveCfg = Release|Any CPU
		{04028E0E-5D1D-41D1-B26D-85D291D4773D}.Release|Any CPU.Build.0 = Release|Any CPU
		{625F1760-4677-4D3A-9949-212A59D6465C}.Debug|Any CPU.ActiveCfg = Debug|Any CPU
		{625F1760-4677-4D3A-9949-212A59D6465C}.Debug|Any CPU.Build.0 = Debug|Any CPU
		{625F1760-4677-4D3A-9949-212A59D6465C}.Release|Any CPU.ActiveCfg = Release|Any CPU
		{625F1760-4677-4D3A-9949-212A59D6465C}.Release|Any CPU.Build.0 = Release|Any CPU
		{92E544CD-93C4-4D6B-B921-6C14DF5B25EA}.Debug|Any CPU.ActiveCfg = Debug|Any CPU
		{92E544CD-93C4-4D6B-B921-6C14DF5B25EA}.Debug|Any CPU.Build.0 = Debug|Any CPU
		{92E544CD-93C4-4D6B-B921-6C14DF5B25EA}.Release|Any CPU.ActiveCfg = Release|Any CPU
		{92E544CD-93C4-4D6B-B921-6C14DF5B25EA}.Release|Any CPU.Build.0 = Release|Any CPU
		{D8CE7FDC-B034-442A-B774-790FC71780F3}.Debug|Any CPU.ActiveCfg = Debug|Any CPU
		{D8CE7FDC-B034-442A-B774-790FC71780F3}.Debug|Any CPU.Build.0 = Debug|Any CPU
		{D8CE7FDC-B034-442A-B774-790FC71780F3}.Release|Any CPU.ActiveCfg = Release|Any CPU
		{D8CE7FDC-B034-442A-B774-790FC71780F3}.Release|Any CPU.Build.0 = Release|Any CPU
		{9C1608B4-ACB1-4C93-9AAD-431A5A06A84F}.Debug|Any CPU.ActiveCfg = Debug|Any CPU
		{9C1608B4-ACB1-4C93-9AAD-431A5A06A84F}.Debug|Any CPU.Build.0 = Debug|Any CPU
		{9C1608B4-ACB1-4C93-9AAD-431A5A06A84F}.Release|Any CPU.ActiveCfg = Release|Any CPU
		{9C1608B4-ACB1-4C93-9AAD-431A5A06A84F}.Release|Any CPU.Build.0 = Release|Any CPU
		{3B4FFB5F-3981-4B06-B7A5-5F94226091DE}.Debug|Any CPU.ActiveCfg = Debug|Any CPU
		{3B4FFB5F-3981-4B06-B7A5-5F94226091DE}.Debug|Any CPU.Build.0 = Debug|Any CPU
		{3B4FFB5F-3981-4B06-B7A5-5F94226091DE}.Release|Any CPU.ActiveCfg = Release|Any CPU
		{3B4FFB5F-3981-4B06-B7A5-5F94226091DE}.Release|Any CPU.Build.0 = Release|Any CPU
		{026F55CA-A7A5-4110-996C-FCB5C81AB7F7}.Debug|Any CPU.ActiveCfg = Debug|Any CPU
		{026F55CA-A7A5-4110-996C-FCB5C81AB7F7}.Debug|Any CPU.Build.0 = Debug|Any CPU
		{026F55CA-A7A5-4110-996C-FCB5C81AB7F7}.Release|Any CPU.ActiveCfg = Release|Any CPU
		{026F55CA-A7A5-4110-996C-FCB5C81AB7F7}.Release|Any CPU.Build.0 = Release|Any CPU
		{B111C4FB-02A6-4C69-AA74-9405E0AAF746}.Debug|Any CPU.ActiveCfg = Debug|Any CPU
		{B111C4FB-02A6-4C69-AA74-9405E0AAF746}.Debug|Any CPU.Build.0 = Debug|Any CPU
		{B111C4FB-02A6-4C69-AA74-9405E0AAF746}.Release|Any CPU.ActiveCfg = Release|Any CPU
		{B111C4FB-02A6-4C69-AA74-9405E0AAF746}.Release|Any CPU.Build.0 = Release|Any CPU
		{857AAE8C-4C4A-445E-A9ED-A12E2B896A5D}.Debug|Any CPU.ActiveCfg = Debug|Any CPU
		{857AAE8C-4C4A-445E-A9ED-A12E2B896A5D}.Debug|Any CPU.Build.0 = Debug|Any CPU
		{857AAE8C-4C4A-445E-A9ED-A12E2B896A5D}.Release|Any CPU.ActiveCfg = Release|Any CPU
		{857AAE8C-4C4A-445E-A9ED-A12E2B896A5D}.Release|Any CPU.Build.0 = Release|Any CPU
		{0665DAE7-18A5-4B20-830C-41F84184AC73}.Debug|Any CPU.ActiveCfg = Debug|Any CPU
		{0665DAE7-18A5-4B20-830C-41F84184AC73}.Debug|Any CPU.Build.0 = Debug|Any CPU
		{0665DAE7-18A5-4B20-830C-41F84184AC73}.Release|Any CPU.ActiveCfg = Release|Any CPU
		{0665DAE7-18A5-4B20-830C-41F84184AC73}.Release|Any CPU.Build.0 = Release|Any CPU
		{FB6AEAEA-572D-49D5-93AF-F8377D5ACAEF}.Debug|Any CPU.ActiveCfg = Debug|Any CPU
		{FB6AEAEA-572D-49D5-93AF-F8377D5ACAEF}.Debug|Any CPU.Build.0 = Debug|Any CPU
		{FB6AEAEA-572D-49D5-93AF-F8377D5ACAEF}.Release|Any CPU.ActiveCfg = Release|Any CPU
		{FB6AEAEA-572D-49D5-93AF-F8377D5ACAEF}.Release|Any CPU.Build.0 = Release|Any CPU
		{345A1AEA-3466-4C3A-B4BE-4B726CC8D98D}.Debug|Any CPU.ActiveCfg = Debug|Any CPU
		{345A1AEA-3466-4C3A-B4BE-4B726CC8D98D}.Debug|Any CPU.Build.0 = Debug|Any CPU
		{345A1AEA-3466-4C3A-B4BE-4B726CC8D98D}.Release|Any CPU.ActiveCfg = Release|Any CPU
		{345A1AEA-3466-4C3A-B4BE-4B726CC8D98D}.Release|Any CPU.Build.0 = Release|Any CPU
	EndGlobalSection
	GlobalSection(SolutionProperties) = preSolution
		HideSolutionNode = FALSE
	EndGlobalSection
	GlobalSection(NestedProjects) = preSolution
		{7790E6C3-D7F9-4DD8-B9ED-928804D2F1A6} = {1D262B46-DCF7-4093-A79F-7110DD723880}
		{AB10F6D8-93EF-4140-AFA3-6F8038A43E6F} = {1D262B46-DCF7-4093-A79F-7110DD723880}
		{91D544D6-432D-4790-8E39-820B9E67DBB7} = {1D262B46-DCF7-4093-A79F-7110DD723880}
		{B5C529EE-1471-4236-A310-B351BE359D2C} = {1D262B46-DCF7-4093-A79F-7110DD723880}
		{210A34C6-95FD-4864-980C-92DED3621AD1} = {1D262B46-DCF7-4093-A79F-7110DD723880}
		{CFABDD39-3B08-4203-AC4D-68BCD1BC815A} = {1D262B46-DCF7-4093-A79F-7110DD723880}
		{04028E0E-5D1D-41D1-B26D-85D291D4773D} = {AB10F6D8-93EF-4140-AFA3-6F8038A43E6F}
		{625F1760-4677-4D3A-9949-212A59D6465C} = {91D544D6-432D-4790-8E39-820B9E67DBB7}
		{7690DD1D-D1C5-4D90-B37C-E47B0C57A3B2} = {AB10F6D8-93EF-4140-AFA3-6F8038A43E6F}
		{92E544CD-93C4-4D6B-B921-6C14DF5B25EA} = {7690DD1D-D1C5-4D90-B37C-E47B0C57A3B2}
		{D8CE7FDC-B034-442A-B774-790FC71780F3} = {AB10F6D8-93EF-4140-AFA3-6F8038A43E6F}
		{9C1608B4-ACB1-4C93-9AAD-431A5A06A84F} = {AB10F6D8-93EF-4140-AFA3-6F8038A43E6F}
		{3B4FFB5F-3981-4B06-B7A5-5F94226091DE} = {5F8A5ADB-E35C-4C4F-B2A5-03F1D87DF1F1}
		{026F55CA-A7A5-4110-996C-FCB5C81AB7F7} = {CFABDD39-3B08-4203-AC4D-68BCD1BC815A}
		{B111C4FB-02A6-4C69-AA74-9405E0AAF746} = {CFABDD39-3B08-4203-AC4D-68BCD1BC815A}
		{857AAE8C-4C4A-445E-A9ED-A12E2B896A5D} = {CFABDD39-3B08-4203-AC4D-68BCD1BC815A}
		{0665DAE7-18A5-4B20-830C-41F84184AC73} = {210A34C6-95FD-4864-980C-92DED3621AD1}
		{FB6AEAEA-572D-49D5-93AF-F8377D5ACAEF} = {210A34C6-95FD-4864-980C-92DED3621AD1}
		{345A1AEA-3466-4C3A-B4BE-4B726CC8D98D} = {210A34C6-95FD-4864-980C-92DED3621AD1}
	EndGlobalSection
	GlobalSection(ExtensibilityGlobals) = postSolution
		SolutionGuid = {D3B421C1-F8A6-4026-8322-D42DE93A8651}
	EndGlobalSection
EndGlobal
